// !$*UTF8*$!
{
	archiveVersion = 1;
	classes = {
	};
	objectVersion = 46;
	objects = {

/* Begin PBXBuildFile section */
		C2D503611CDD09C50069B0AB /* main.m in Sources */ = {isa = PBXBuildFile; fileRef = C2D503601CDD09C50069B0AB /* main.m */; };
		C2D503641CDD09C50069B0AB /* AppDelegate.m in Sources */ = {isa = PBXBuildFile; fileRef = C2D503631CDD09C50069B0AB /* AppDelegate.m */; };
		C2D503671CDD09C50069B0AB /* ViewController.m in Sources */ = {isa = PBXBuildFile; fileRef = C2D503661CDD09C50069B0AB /* ViewController.m */; };
		C2D5036A1CDD09C50069B0AB /* Main.storyboard in Resources */ = {isa = PBXBuildFile; fileRef = C2D503681CDD09C50069B0AB /* Main.storyboard */; };
		C2D5036C1CDD09C60069B0AB /* Assets.xcassets in Resources */ = {isa = PBXBuildFile; fileRef = C2D5036B1CDD09C60069B0AB /* Assets.xcassets */; };
		C2D5036F1CDD09C60069B0AB /* LaunchScreen.storyboard in Resources */ = {isa = PBXBuildFile; fileRef = C2D5036D1CDD09C60069B0AB /* LaunchScreen.storyboard */; };
		C2D5037A1CDD09C60069B0AB /* TableViewsTests.m in Sources */ = {isa = PBXBuildFile; fileRef = C2D503791CDD09C60069B0AB /* TableViewsTests.m */; };
		C2D503851CDD09C60069B0AB /* TableViewsUITests.m in Sources */ = {isa = PBXBuildFile; fileRef = C2D503841CDD09C60069B0AB /* TableViewsUITests.m */; };
		C2D503941CDD0A6E0069B0AB /* TableViewController.m in Sources */ = {isa = PBXBuildFile; fileRef = C2D503931CDD0A6E0069B0AB /* TableViewController.m */; };
		C2D503971CDD0B590069B0AB /* Movies.m in Sources */ = {isa = PBXBuildFile; fileRef = C2D503961CDD0B590069B0AB /* Movies.m */; };
/* End PBXBuildFile section */

/* Begin PBXContainerItemProxy section */
		C2D503761CDD09C60069B0AB /* PBXContainerItemProxy */ = {
			isa = PBXContainerItemProxy;
			containerPortal = C2D503541CDD09C50069B0AB /* Project object */;
			proxyType = 1;
			remoteGlobalIDString = C2D5035B1CDD09C50069B0AB;
			remoteInfo = TableViews;
		};
		C2D503811CDD09C60069B0AB /* PBXContainerItemProxy */ = {
			isa = PBXContainerItemProxy;
			containerPortal = C2D503541CDD09C50069B0AB /* Project object */;
			proxyType = 1;
			remoteGlobalIDString = C2D5035B1CDD09C50069B0AB;
			remoteInfo = TableViews;
		};
/* End PBXContainerItemProxy section */

/* Begin PBXFileReference section */
		C2D5035C1CDD09C50069B0AB /* TableViews.app */ = {isa = PBXFileReference; explicitFileType = wrapper.application; includeInIndex = 0; path = TableViews.app; sourceTree = BUILT_PRODUCTS_DIR; };
		C2D503601CDD09C50069B0AB /* main.m */ = {isa = PBXFileReference; lastKnownFileType = sourcecode.c.objc; path = main.m; sourceTree = "<group>"; };
		C2D503621CDD09C50069B0AB /* AppDelegate.h */ = {isa = PBXFileReference; lastKnownFileType = sourcecode.c.h; path = AppDelegate.h; sourceTree = "<group>"; };
		C2D503631CDD09C50069B0AB /* AppDelegate.m */ = {isa = PBXFileReference; lastKnownFileType = sourcecode.c.objc; path = AppDelegate.m; sourceTree = "<group>"; };
		C2D503651CDD09C50069B0AB /* ViewController.h */ = {isa = PBXFileReference; lastKnownFileType = sourcecode.c.h; path = ViewController.h; sourceTree = "<group>"; };
		C2D503661CDD09C50069B0AB /* ViewController.m */ = {isa = PBXFileReference; lastKnownFileType = sourcecode.c.objc; path = ViewController.m; sourceTree = "<group>"; };
		C2D503691CDD09C50069B0AB /* Base */ = {isa = PBXFileReference; lastKnownFileType = file.storyboard; name = Base; path = Base.lproj/Main.storyboard; sourceTree = "<group>"; };
		C2D5036B1CDD09C60069B0AB /* Assets.xcassets */ = {isa = PBXFileReference; lastKnownFileType = folder.assetcatalog; path = Assets.xcassets; sourceTree = "<group>"; };
		C2D5036E1CDD09C60069B0AB /* Base */ = {isa = PBXFileReference; lastKnownFileType = file.storyboard; name = Base; path = Base.lproj/LaunchScreen.storyboard; sourceTree = "<group>"; };
		C2D503701CDD09C60069B0AB /* Info.plist */ = {isa = PBXFileReference; lastKnownFileType = text.plist.xml; path = Info.plist; sourceTree = "<group>"; };
		C2D503751CDD09C60069B0AB /* TableViewsTests.xctest */ = {isa = PBXFileReference; explicitFileType = wrapper.cfbundle; includeInIndex = 0; path = TableViewsTests.xctest; sourceTree = BUILT_PRODUCTS_DIR; };
		C2D503791CDD09C60069B0AB /* TableViewsTests.m */ = {isa = PBXFileReference; lastKnownFileType = sourcecode.c.objc; path = TableViewsTests.m; sourceTree = "<group>"; };
		C2D5037B1CDD09C60069B0AB /* Info.plist */ = {isa = PBXFileReference; lastKnownFileType = text.plist.xml; path = Info.plist; sourceTree = "<group>"; };
		C2D503801CDD09C60069B0AB /* TableViewsUITests.xctest */ = {isa = PBXFileReference; explicitFileType = wrapper.cfbundle; includeInIndex = 0; path = TableViewsUITests.xctest; sourceTree = BUILT_PRODUCTS_DIR; };
		C2D503841CDD09C60069B0AB /* TableViewsUITests.m */ = {isa = PBXFileReference; lastKnownFileType = sourcecode.c.objc; path = TableViewsUITests.m; sourceTree = "<group>"; };
		C2D503861CDD09C60069B0AB /* Info.plist */ = {isa = PBXFileReference; lastKnownFileType = text.plist.xml; path = Info.plist; sourceTree = "<group>"; };
		C2D503921CDD0A6E0069B0AB /* TableViewController.h */ = {isa = PBXFileReference; fileEncoding = 4; lastKnownFileType = sourcecode.c.h; path = TableViewController.h; sourceTree = "<group>"; };
		C2D503931CDD0A6E0069B0AB /* TableViewController.m */ = {isa = PBXFileReference; fileEncoding = 4; lastKnownFileType = sourcecode.c.objc; path = TableViewController.m; sourceTree = "<group>"; };
		C2D503951CDD0B590069B0AB /* Movies.h */ = {isa = PBXFileReference; fileEncoding = 4; lastKnownFileType = sourcecode.c.h; path = Movies.h; sourceTree = "<group>"; };
		C2D503961CDD0B590069B0AB /* Movies.m */ = {isa = PBXFileReference; fileEncoding = 4; lastKnownFileType = sourcecode.c.objc; path = Movies.m; sourceTree = "<group>"; };
/* End PBXFileReference section */

/* Begin PBXFrameworksBuildPhase section */
		C2D503591CDD09C50069B0AB /* Frameworks */ = {
			isa = PBXFrameworksBuildPhase;
			buildActionMask = 2147483647;
			files = (
			);
			runOnlyForDeploymentPostprocessing = 0;
		};
		C2D503721CDD09C60069B0AB /* Frameworks */ = {
			isa = PBXFrameworksBuildPhase;
			buildActionMask = 2147483647;
			files = (
			);
			runOnlyForDeploymentPostprocessing = 0;
		};
		C2D5037D1CDD09C60069B0AB /* Frameworks */ = {
			isa = PBXFrameworksBuildPhase;
			buildActionMask = 2147483647;
			files = (
			);
			runOnlyForDeploymentPostprocessing = 0;
		};
/* End PBXFrameworksBuildPhase section */

/* Begin PBXGroup section */
		C2D503531CDD09C50069B0AB = {
			isa = PBXGroup;
			children = (
				C2D5035E1CDD09C50069B0AB /* TableViews */,
				C2D503781CDD09C60069B0AB /* TableViewsTests */,
				C2D503831CDD09C60069B0AB /* TableViewsUITests */,
				C2D5035D1CDD09C50069B0AB /* Products */,
			);
			sourceTree = "<group>";
		};
		C2D5035D1CDD09C50069B0AB /* Products */ = {
			isa = PBXGroup;
			children = (
				C2D5035C1CDD09C50069B0AB /* TableViews.app */,
				C2D503751CDD09C60069B0AB /* TableViewsTests.xctest */,
				C2D503801CDD09C60069B0AB /* TableViewsUITests.xctest */,
			);
			name = Products;
			sourceTree = "<group>";
		};
		C2D5035E1CDD09C50069B0AB /* TableViews */ = {
			isa = PBXGroup;
			children = (
				C2D503621CDD09C50069B0AB /* AppDelegate.h */,
				C2D503631CDD09C50069B0AB /* AppDelegate.m */,
				C2D503981CDD0B5C0069B0AB /* Model */,
				C2D5039A1CDD0B640069B0AB /* Controller */,
				C2D503991CDD0B600069B0AB /* View */,
				C2D5036B1CDD09C60069B0AB /* Assets.xcassets */,
				C2D5036D1CDD09C60069B0AB /* LaunchScreen.storyboard */,
				C2D503701CDD09C60069B0AB /* Info.plist */,
				C2D5035F1CDD09C50069B0AB /* Supporting Files */,
			);
			path = TableViews;
			sourceTree = "<group>";
		};
		C2D5035F1CDD09C50069B0AB /* Supporting Files */ = {
			isa = PBXGroup;
			children = (
				C2D503601CDD09C50069B0AB /* main.m */,
			);
			name = "Supporting Files";
			sourceTree = "<group>";
		};
		C2D503781CDD09C60069B0AB /* TableViewsTests */ = {
			isa = PBXGroup;
			children = (
				C2D503791CDD09C60069B0AB /* TableViewsTests.m */,
				C2D5037B1CDD09C60069B0AB /* Info.plist */,
			);
			path = TableViewsTests;
			sourceTree = "<group>";
		};
		C2D503831CDD09C60069B0AB /* TableViewsUITests */ = {
			isa = PBXGroup;
			children = (
				C2D503841CDD09C60069B0AB /* TableViewsUITests.m */,
				C2D503861CDD09C60069B0AB /* Info.plist */,
			);
			path = TableViewsUITests;
			sourceTree = "<group>";
		};
		C2D503981CDD0B5C0069B0AB /* Model */ = {
			isa = PBXGroup;
			children = (
				C2D503951CDD0B590069B0AB /* Movies.h */,
				C2D503961CDD0B590069B0AB /* Movies.m */,
			);
			name = Model;
			sourceTree = "<group>";
		};
		C2D503991CDD0B600069B0AB /* View */ = {
			isa = PBXGroup;
			children = (
				C2D503681CDD09C50069B0AB /* Main.storyboard */,
			);
			name = View;
			sourceTree = "<group>";
		};
		C2D5039A1CDD0B640069B0AB /* Controller */ = {
			isa = PBXGroup;
			children = (
				C2D503921CDD0A6E0069B0AB /* TableViewController.h */,
				C2D503931CDD0A6E0069B0AB /* TableViewController.m */,
				C2D503651CDD09C50069B0AB /* ViewController.h */,
				C2D503661CDD09C50069B0AB /* ViewController.m */,
			);
			name = Controller;
			sourceTree = "<group>";
		};
/* End PBXGroup section */

/* Begin PBXNativeTarget section */
		C2D5035B1CDD09C50069B0AB /* TableViews */ = {
			isa = PBXNativeTarget;
			buildConfigurationList = C2D503891CDD09C60069B0AB /* Build configuration list for PBXNativeTarget "TableViews" */;
			buildPhases = (
				C2D503581CDD09C50069B0AB /* Sources */,
				C2D503591CDD09C50069B0AB /* Frameworks */,
				C2D5035A1CDD09C50069B0AB /* Resources */,
			);
			buildRules = (
			);
			dependencies = (
			);
			name = TableViews;
			productName = TableViews;
			productReference = C2D5035C1CDD09C50069B0AB /* TableViews.app */;
			productType = "com.apple.product-type.application";
		};
		C2D503741CDD09C60069B0AB /* TableViewsTests */ = {
			isa = PBXNativeTarget;
			buildConfigurationList = C2D5038C1CDD09C60069B0AB /* Build configuration list for PBXNativeTarget "TableViewsTests" */;
			buildPhases = (
				C2D503711CDD09C60069B0AB /* Sources */,
				C2D503721CDD09C60069B0AB /* Frameworks */,
				C2D503731CDD09C60069B0AB /* Resources */,
			);
			buildRules = (
			);
			dependencies = (
				C2D503771CDD09C60069B0AB /* PBXTargetDependency */,
			);
			name = TableViewsTests;
			productName = TableViewsTests;
			productReference = C2D503751CDD09C60069B0AB /* TableViewsTests.xctest */;
			productType = "com.apple.product-type.bundle.unit-test";
		};
		C2D5037F1CDD09C60069B0AB /* TableViewsUITests */ = {
			isa = PBXNativeTarget;
			buildConfigurationList = C2D5038F1CDD09C60069B0AB /* Build configuration list for PBXNativeTarget "TableViewsUITests" */;
			buildPhases = (
				C2D5037C1CDD09C60069B0AB /* Sources */,
				C2D5037D1CDD09C60069B0AB /* Frameworks */,
				C2D5037E1CDD09C60069B0AB /* Resources */,
			);
			buildRules = (
			);
			dependencies = (
				C2D503821CDD09C60069B0AB /* PBXTargetDependency */,
			);
			name = TableViewsUITests;
			productName = TableViewsUITests;
			productReference = C2D503801CDD09C60069B0AB /* TableViewsUITests.xctest */;
			productType = "com.apple.product-type.bundle.ui-testing";
		};
/* End PBXNativeTarget section */

/* Begin PBXProject section */
		C2D503541CDD09C50069B0AB /* Project object */ = {
			isa = PBXProject;
			attributes = {
				LastUpgradeCheck = 0730;
				ORGANIZATIONNAME = "David Perkins";
				TargetAttributes = {
					C2D5035B1CDD09C50069B0AB = {
						CreatedOnToolsVersion = 7.3;
					};
					C2D503741CDD09C60069B0AB = {
						CreatedOnToolsVersion = 7.3;
						TestTargetID = C2D5035B1CDD09C50069B0AB;
					};
					C2D5037F1CDD09C60069B0AB = {
						CreatedOnToolsVersion = 7.3;
						TestTargetID = C2D5035B1CDD09C50069B0AB;
					};
				};
			};
			buildConfigurationList = C2D503571CDD09C50069B0AB /* Build configuration list for PBXProject "TableViews" */;
			compatibilityVersion = "Xcode 3.2";
			developmentRegion = English;
			hasScannedForEncodings = 0;
			knownRegions = (
				en,
				Base,
			);
			mainGroup = C2D503531CDD09C50069B0AB;
			productRefGroup = C2D5035D1CDD09C50069B0AB /* Products */;
			projectDirPath = "";
			projectRoot = "";
			targets = (
				C2D5035B1CDD09C50069B0AB /* TableViews */,
				C2D503741CDD09C60069B0AB /* TableViewsTests */,
				C2D5037F1CDD09C60069B0AB /* TableViewsUITests */,
			);
		};
/* End PBXProject section */

/* Begin PBXResourcesBuildPhase section */
		C2D5035A1CDD09C50069B0AB /* Resources */ = {
			isa = PBXResourcesBuildPhase;
			buildActionMask = 2147483647;
			files = (
				C2D5036F1CDD09C60069B0AB /* LaunchScreen.storyboard in Resources */,
				C2D5036C1CDD09C60069B0AB /* Assets.xcassets in Resources */,
				C2D5036A1CDD09C50069B0AB /* Main.storyboard in Resources */,
			);
			runOnlyForDeploymentPostprocessing = 0;
		};
		C2D503731CDD09C60069B0AB /* Resources */ = {
			isa = PBXResourcesBuildPhase;
			buildActionMask = 2147483647;
			files = (
			);
			runOnlyForDeploymentPostprocessing = 0;
		};
		C2D5037E1CDD09C60069B0AB /* Resources */ = {
			isa = PBXResourcesBuildPhase;
			buildActionMask = 2147483647;
			files = (
			);
			runOnlyForDeploymentPostprocessing = 0;
		};
/* End PBXResourcesBuildPhase section */

/* Begin PBXSourcesBuildPhase section */
		C2D503581CDD09C50069B0AB /* Sources */ = {
			isa = PBXSourcesBuildPhase;
			buildActionMask = 2147483647;
			files = (
				C2D503671CDD09C50069B0AB /* ViewController.m in Sources */,
				C2D503641CDD09C50069B0AB /* AppDelegate.m in Sources */,
				C2D503971CDD0B590069B0AB /* Movies.m in Sources */,
				C2D503611CDD09C50069B0AB /* main.m in Sources */,
				C2D503941CDD0A6E0069B0AB /* TableViewController.m in Sources */,
			);
			runOnlyForDeploymentPostprocessing = 0;
		};
		C2D503711CDD09C60069B0AB /* Sources */ = {
			isa = PBXSourcesBuildPhase;
			buildActionMask = 2147483647;
			files = (
				C2D5037A1CDD09C60069B0AB /* TableViewsTests.m in Sources */,
			);
			runOnlyForDeploymentPostprocessing = 0;
		};
		C2D5037C1CDD09C60069B0AB /* Sources */ = {
			isa = PBXSourcesBuildPhase;
			buildActionMask = 2147483647;
			files = (
				C2D503851CDD09C60069B0AB /* TableViewsUITests.m in Sources */,
			);
			runOnlyForDeploymentPostprocessing = 0;
		};
/* End PBXSourcesBuildPhase section */

/* Begin PBXTargetDependency section */
		C2D503771CDD09C60069B0AB /* PBXTargetDependency */ = {
			isa = PBXTargetDependency;
			target = C2D5035B1CDD09C50069B0AB /* TableViews */;
			targetProxy = C2D503761CDD09C60069B0AB /* PBXContainerItemProxy */;
		};
		C2D503821CDD09C60069B0AB /* PBXTargetDependency */ = {
			isa = PBXTargetDependency;
			target = C2D5035B1CDD09C50069B0AB /* TableViews */;
			targetProxy = C2D503811CDD09C60069B0AB /* PBXContainerItemProxy */;
		};
/* End PBXTargetDependency section */

/* Begin PBXVariantGroup section */
		C2D503681CDD09C50069B0AB /* Main.storyboard */ = {
			isa = PBXVariantGroup;
			children = (
				C2D503691CDD09C50069B0AB /* Base */,
			);
			name = Main.storyboard;
			sourceTree = "<group>";
		};
		C2D5036D1CDD09C60069B0AB /* LaunchScreen.storyboard */ = {
			isa = PBXVariantGroup;
			children = (
				C2D5036E1CDD09C60069B0AB /* Base */,
			);
			name = LaunchScreen.storyboard;
			sourceTree = "<group>";
		};
/* End PBXVariantGroup section */

/* Begin XCBuildConfiguration section */
		C2D503871CDD09C60069B0AB /* Debug */ = {
			isa = XCBuildConfiguration;
			buildSettings = {
				ALWAYS_SEARCH_USER_PATHS = NO;
				CLANG_ANALYZER_NONNULL = YES;
				CLANG_CXX_LANGUAGE_STANDARD = "gnu++0x";
				CLANG_CXX_LIBRARY = "libc++";
				CLANG_ENABLE_MODULES = YES;
				CLANG_ENABLE_OBJC_ARC = YES;
				CLANG_WARN_BOOL_CONVERSION = YES;
				CLANG_WARN_CONSTANT_CONVERSION = YES;
				CLANG_WARN_DIRECT_OBJC_ISA_USAGE = YES_ERROR;
				CLANG_WARN_EMPTY_BODY = YES;
				CLANG_WARN_ENUM_CONVERSION = YES;
				CLANG_WARN_INT_CONVERSION = YES;
				CLANG_WARN_OBJC_ROOT_CLASS = YES_ERROR;
				CLANG_WARN_UNREACHABLE_CODE = YES;
				CLANG_WARN__DUPLICATE_METHOD_MATCH = YES;
				"CODE_SIGN_IDENTITY[sdk=iphoneos*]" = "iPhone Developer";
				COPY_PHASE_STRIP = NO;
				DEBUG_INFORMATION_FORMAT = dwarf;
				ENABLE_STRICT_OBJC_MSGSEND = YES;
				ENABLE_TESTABILITY = YES;
				GCC_C_LANGUAGE_STANDARD = gnu99;
				GCC_DYNAMIC_NO_PIC = NO;
				GCC_NO_COMMON_BLOCKS = YES;
				GCC_OPTIMIZATION_LEVEL = 0;
				GCC_PREPROCESSOR_DEFINITIONS = (
					"DEBUG=1",
					"$(inherited)",
				);
				GCC_WARN_64_TO_32_BIT_CONVERSION = YES;
				GCC_WARN_ABOUT_RETURN_TYPE = YES_ERROR;
				GCC_WARN_UNDECLARED_SELECTOR = YES;
				GCC_WARN_UNINITIALIZED_AUTOS = YES_AGGRESSIVE;
				GCC_WARN_UNUSED_FUNCTION = YES;
				GCC_WARN_UNUSED_VARIABLE = YES;
				IPHONEOS_DEPLOYMENT_TARGET = 9.3;
				MTL_ENABLE_DEBUG_INFO = YES;
				ONLY_ACTIVE_ARCH = YES;
				SDKROOT = iphoneos;
				TARGETED_DEVICE_FAMILY = "1,2";
			};
			name = Debug;
		};
		C2D503881CDD09C60069B0AB /* Release */ = {
			isa = XCBuildConfiguration;
			buildSettings = {
				ALWAYS_SEARCH_USER_PATHS = NO;
				CLANG_ANALYZER_NONNULL = YES;
				CLANG_CXX_LANGUAGE_STANDARD = "gnu++0x";
				CLANG_CXX_LIBRARY = "libc++";
				CLANG_ENABLE_MODULES = YES;
				CLANG_ENABLE_OBJC_ARC = YES;
				CLANG_WARN_BOOL_CONVERSION = YES;
				CLANG_WARN_CONSTANT_CONVERSION = YES;
				CLANG_WARN_DIRECT_OBJC_ISA_USAGE = YES_ERROR;
				CLANG_WARN_EMPTY_BODY = YES;
				CLANG_WARN_ENUM_CONVERSION = YES;
				CLANG_WARN_INT_CONVERSION = YES;
				CLANG_WARN_OBJC_ROOT_CLASS = YES_ERROR;
				CLANG_WARN_UNREACHABLE_CODE = YES;
				CLANG_WARN__DUPLICATE_METHOD_MATCH = YES;
				"CODE_SIGN_IDENTITY[sdk=iphoneos*]" = "iPhone Developer";
				COPY_PHASE_STRIP = NO;
				DEBUG_INFORMATION_FORMAT = "dwarf-with-dsym";
				ENABLE_NS_ASSERTIONS = NO;
				ENABLE_STRICT_OBJC_MSGSEND = YES;
				GCC_C_LANGUAGE_STANDARD = gnu99;
				GCC_NO_COMMON_BLOCKS = YES;
				GCC_WARN_64_TO_32_BIT_CONVERSION = YES;
				GCC_WARN_ABOUT_RETURN_TYPE = YES_ERROR;
				GCC_WARN_UNDECLARED_SELECTOR = YES;
				GCC_WARN_UNINITIALIZED_AUTOS = YES_AGGRESSIVE;
				GCC_WARN_UNUSED_FUNCTION = YES;
				GCC_WARN_UNUSED_VARIABLE = YES;
				IPHONEOS_DEPLOYMENT_TARGET = 9.3;
				MTL_ENABLE_DEBUG_INFO = NO;
				SDKROOT = iphoneos;
				TARGETED_DEVICE_FAMILY = "1,2";
				VALIDATE_PRODUCT = YES;
			};
			name = Release;
		};
		C2D5038A1CDD09C60069B0AB /* Debug */ = {
			isa = XCBuildConfiguration;
			buildSettings = {
				ASSETCATALOG_COMPILER_APPICON_NAME = AppIcon;
				INFOPLIST_FILE = TableViews/Info.plist;
				LD_RUNPATH_SEARCH_PATHS = "$(inherited) @executable_path/Frameworks";
				PRODUCT_BUNDLE_IDENTIFIER = io.davidperkins.TableViews;
				PRODUCT_NAME = "$(TARGET_NAME)";
			};
			name = Debug;
		};
		C2D5038B1CDD09C60069B0AB /* Release */ = {
			isa = XCBuildConfiguration;
			buildSettings = {
				ASSETCATALOG_COMPILER_APPICON_NAME = AppIcon;
				INFOPLIST_FILE = TableViews/Info.plist;
				LD_RUNPATH_SEARCH_PATHS = "$(inherited) @executable_path/Frameworks";
				PRODUCT_BUNDLE_IDENTIFIER = io.davidperkins.TableViews;
				PRODUCT_NAME = "$(TARGET_NAME)";
			};
			name = Release;
		};
		C2D5038D1CDD09C60069B0AB /* Debug */ = {
			isa = XCBuildConfiguration;
			buildSettings = {
				BUNDLE_LOADER = "$(TEST_HOST)";
				INFOPLIST_FILE = TableViewsTests/Info.plist;
				LD_RUNPATH_SEARCH_PATHS = "$(inherited) @executable_path/Frameworks @loader_path/Frameworks";
				PRODUCT_BUNDLE_IDENTIFIER = io.davidperkins.TableViewsTests;
				PRODUCT_NAME = "$(TARGET_NAME)";
				TEST_HOST = "$(BUILT_PRODUCTS_DIR)/TableViews.app/TableViews";
			};
			name = Debug;
		};
		C2D5038E1CDD09C60069B0AB /* Release */ = {
			isa = XCBuildConfiguration;
			buildSettings = {
				BUNDLE_LOADER = "$(TEST_HOST)";
				INFOPLIST_FILE = TableViewsTests/Info.plist;
				LD_RUNPATH_SEARCH_PATHS = "$(inherited) @executable_path/Frameworks @loader_path/Frameworks";
				PRODUCT_BUNDLE_IDENTIFIER = io.davidperkins.TableViewsTests;
				PRODUCT_NAME = "$(TARGET_NAME)";
				TEST_HOST = "$(BUILT_PRODUCTS_DIR)/TableViews.app/TableViews";
			};
			name = Release;
		};
		C2D503901CDD09C60069B0AB /* Debug */ = {
			isa = XCBuildConfiguration;
			buildSettings = {
				INFOPLIST_FILE = TableViewsUITests/Info.plist;
				LD_RUNPATH_SEARCH_PATHS = "$(inherited) @executable_path/Frameworks @loader_path/Frameworks";
				PRODUCT_BUNDLE_IDENTIFIER = io.davidperkins.TableViewsUITests;
				PRODUCT_NAME = "$(TARGET_NAME)";
				TEST_TARGET_NAME = TableViews;
			};
			name = Debug;
		};
		C2D503911CDD09C60069B0AB /* Release */ = {
			isa = XCBuildConfiguration;
			buildSettings = {
				INFOPLIST_FILE = TableViewsUITests/Info.plist;
				LD_RUNPATH_SEARCH_PATHS = "$(inherited) @executable_path/Frameworks @loader_path/Frameworks";
				PRODUCT_BUNDLE_IDENTIFIER = io.davidperkins.TableViewsUITests;
				PRODUCT_NAME = "$(TARGET_NAME)";
				TEST_TARGET_NAME = TableViews;
			};
			name = Release;
		};
/* End XCBuildConfiguration section */

/* Begin XCConfigurationList section */
		C2D503571CDD09C50069B0AB /* Build configuration list for PBXProject "TableViews" */ = {
			isa = XCConfigurationList;
			buildConfigurations = (
				C2D503871CDD09C60069B0AB /* Debug */,
				C2D503881CDD09C60069B0AB /* Release */,
			);
			defaultConfigurationIsVisible = 0;
			defaultConfigurationName = Release;
		};
		C2D503891CDD09C60069B0AB /* Build configuration list for PBXNativeTarget "TableViews" */ = {
			isa = XCConfigurationList;
			buildConfigurations = (
				C2D5038A1CDD09C60069B0AB /* Debug */,
				C2D5038B1CDD09C60069B0AB /* Release */,
			);
			defaultConfigurationIsVisible = 0;
		};
		C2D5038C1CDD09C60069B0AB /* Build configuration list for PBXNativeTarget "TableViewsTests" */ = {
			isa = XCConfigurationList;
			buildConfigurations = (
				C2D5038D1CDD09C60069B0AB /* Debug */,
				C2D5038E1CDD09C60069B0AB /* Release */,
			);
			defaultConfigurationIsVisible = 0;
		};
		C2D5038F1CDD09C60069B0AB /* Build configuration list for PBXNativeTarget "TableViewsUITests" */ = {
			isa = XCConfigurationList;
			buildConfigurations = (
				C2D503901CDD09C60069B0AB /* Debug */,
				C2D503911CDD09C60069B0AB /* Release */,
			);
			defaultConfigurationIsVisible = 0;
		};
/* End XCConfigurationList section */
	};
	rootObject = C2D503541CDD09C50069B0AB /* Project object */;
}
