// !$*UTF8*$!
{
	archiveVersion = 1;
	classes = {
	};
	objectVersion = 46;
	objects = {

/* Begin PBXBuildFile section */
		C2C6D0D61CDC3012001AFFC3 /* main.m in Sources */ = {isa = PBXBuildFile; fileRef = C2C6D0D51CDC3012001AFFC3 /* main.m */; };
		C2C6D0D91CDC3012001AFFC3 /* AppDelegate.m in Sources */ = {isa = PBXBuildFile; fileRef = C2C6D0D81CDC3012001AFFC3 /* AppDelegate.m */; };
		C2C6D0DC1CDC3012001AFFC3 /* ViewController.m in Sources */ = {isa = PBXBuildFile; fileRef = C2C6D0DB1CDC3012001AFFC3 /* ViewController.m */; };
		C2C6D0DF1CDC3012001AFFC3 /* Main.storyboard in Resources */ = {isa = PBXBuildFile; fileRef = C2C6D0DD1CDC3012001AFFC3 /* Main.storyboard */; };
		C2C6D0E11CDC3012001AFFC3 /* Assets.xcassets in Resources */ = {isa = PBXBuildFile; fileRef = C2C6D0E01CDC3012001AFFC3 /* Assets.xcassets */; };
		C2C6D0E41CDC3012001AFFC3 /* LaunchScreen.storyboard in Resources */ = {isa = PBXBuildFile; fileRef = C2C6D0E21CDC3012001AFFC3 /* LaunchScreen.storyboard */; };
		C2C6D0EF1CDC3013001AFFC3 /* TipCalculatorTests.m in Sources */ = {isa = PBXBuildFile; fileRef = C2C6D0EE1CDC3013001AFFC3 /* TipCalculatorTests.m */; };
		C2C6D0FA1CDC3013001AFFC3 /* TipCalculatorUITests.m in Sources */ = {isa = PBXBuildFile; fileRef = C2C6D0F91CDC3013001AFFC3 /* TipCalculatorUITests.m */; };
		C2C6D1091CDC4AFB001AFFC3 /* Calculations.m in Sources */ = {isa = PBXBuildFile; fileRef = C2C6D1081CDC4AFB001AFFC3 /* Calculations.m */; };
/* End PBXBuildFile section */

/* Begin PBXContainerItemProxy section */
		C2C6D0EB1CDC3013001AFFC3 /* PBXContainerItemProxy */ = {
			isa = PBXContainerItemProxy;
			containerPortal = C2C6D0C91CDC3012001AFFC3 /* Project object */;
			proxyType = 1;
			remoteGlobalIDString = C2C6D0D01CDC3012001AFFC3;
			remoteInfo = TipCalculator;
		};
		C2C6D0F61CDC3013001AFFC3 /* PBXContainerItemProxy */ = {
			isa = PBXContainerItemProxy;
			containerPortal = C2C6D0C91CDC3012001AFFC3 /* Project object */;
			proxyType = 1;
			remoteGlobalIDString = C2C6D0D01CDC3012001AFFC3;
			remoteInfo = TipCalculator;
		};
/* End PBXContainerItemProxy section */

/* Begin PBXFileReference section */
		C2C6D0D11CDC3012001AFFC3 /* TipCalculator.app */ = {isa = PBXFileReference; explicitFileType = wrapper.application; includeInIndex = 0; path = TipCalculator.app; sourceTree = BUILT_PRODUCTS_DIR; };
		C2C6D0D51CDC3012001AFFC3 /* main.m */ = {isa = PBXFileReference; lastKnownFileType = sourcecode.c.objc; path = main.m; sourceTree = "<group>"; };
		C2C6D0D71CDC3012001AFFC3 /* AppDelegate.h */ = {isa = PBXFileReference; lastKnownFileType = sourcecode.c.h; path = AppDelegate.h; sourceTree = "<group>"; };
		C2C6D0D81CDC3012001AFFC3 /* AppDelegate.m */ = {isa = PBXFileReference; lastKnownFileType = sourcecode.c.objc; path = AppDelegate.m; sourceTree = "<group>"; };
		C2C6D0DA1CDC3012001AFFC3 /* ViewController.h */ = {isa = PBXFileReference; lastKnownFileType = sourcecode.c.h; path = ViewController.h; sourceTree = "<group>"; };
		C2C6D0DB1CDC3012001AFFC3 /* ViewController.m */ = {isa = PBXFileReference; lastKnownFileType = sourcecode.c.objc; path = ViewController.m; sourceTree = "<group>"; };
		C2C6D0DE1CDC3012001AFFC3 /* Base */ = {isa = PBXFileReference; lastKnownFileType = file.storyboard; name = Base; path = Base.lproj/Main.storyboard; sourceTree = "<group>"; };
		C2C6D0E01CDC3012001AFFC3 /* Assets.xcassets */ = {isa = PBXFileReference; lastKnownFileType = folder.assetcatalog; path = Assets.xcassets; sourceTree = "<group>"; };
		C2C6D0E31CDC3012001AFFC3 /* Base */ = {isa = PBXFileReference; lastKnownFileType = file.storyboard; name = Base; path = Base.lproj/LaunchScreen.storyboard; sourceTree = "<group>"; };
		C2C6D0E51CDC3012001AFFC3 /* Info.plist */ = {isa = PBXFileReference; lastKnownFileType = text.plist.xml; path = Info.plist; sourceTree = "<group>"; };
		C2C6D0EA1CDC3013001AFFC3 /* TipCalculatorTests.xctest */ = {isa = PBXFileReference; explicitFileType = wrapper.cfbundle; includeInIndex = 0; path = TipCalculatorTests.xctest; sourceTree = BUILT_PRODUCTS_DIR; };
		C2C6D0EE1CDC3013001AFFC3 /* TipCalculatorTests.m */ = {isa = PBXFileReference; lastKnownFileType = sourcecode.c.objc; path = TipCalculatorTests.m; sourceTree = "<group>"; };
		C2C6D0F01CDC3013001AFFC3 /* Info.plist */ = {isa = PBXFileReference; lastKnownFileType = text.plist.xml; path = Info.plist; sourceTree = "<group>"; };
		C2C6D0F51CDC3013001AFFC3 /* TipCalculatorUITests.xctest */ = {isa = PBXFileReference; explicitFileType = wrapper.cfbundle; includeInIndex = 0; path = TipCalculatorUITests.xctest; sourceTree = BUILT_PRODUCTS_DIR; };
		C2C6D0F91CDC3013001AFFC3 /* TipCalculatorUITests.m */ = {isa = PBXFileReference; lastKnownFileType = sourcecode.c.objc; path = TipCalculatorUITests.m; sourceTree = "<group>"; };
		C2C6D0FB1CDC3013001AFFC3 /* Info.plist */ = {isa = PBXFileReference; lastKnownFileType = text.plist.xml; path = Info.plist; sourceTree = "<group>"; };
		C2C6D1071CDC4AFB001AFFC3 /* Calculations.h */ = {isa = PBXFileReference; fileEncoding = 4; lastKnownFileType = sourcecode.c.h; path = Calculations.h; sourceTree = "<group>"; };
		C2C6D1081CDC4AFB001AFFC3 /* Calculations.m */ = {isa = PBXFileReference; fileEncoding = 4; lastKnownFileType = sourcecode.c.objc; path = Calculations.m; sourceTree = "<group>"; };
/* End PBXFileReference section */

/* Begin PBXFrameworksBuildPhase section */
		C2C6D0CE1CDC3012001AFFC3 /* Frameworks */ = {
			isa = PBXFrameworksBuildPhase;
			buildActionMask = 2147483647;
			files = (
			);
			runOnlyForDeploymentPostprocessing = 0;
		};
		C2C6D0E71CDC3013001AFFC3 /* Frameworks */ = {
			isa = PBXFrameworksBuildPhase;
			buildActionMask = 2147483647;
			files = (
			);
			runOnlyForDeploymentPostprocessing = 0;
		};
		C2C6D0F21CDC3013001AFFC3 /* Frameworks */ = {
			isa = PBXFrameworksBuildPhase;
			buildActionMask = 2147483647;
			files = (
			);
			runOnlyForDeploymentPostprocessing = 0;
		};
/* End PBXFrameworksBuildPhase section */

/* Begin PBXGroup section */
		C2C6D0C81CDC3012001AFFC3 = {
			isa = PBXGroup;
			children = (
				C2C6D0D31CDC3012001AFFC3 /* TipCalculator */,
				C2C6D0ED1CDC3013001AFFC3 /* TipCalculatorTests */,
				C2C6D0F81CDC3013001AFFC3 /* TipCalculatorUITests */,
				C2C6D0D21CDC3012001AFFC3 /* Products */,
			);
			sourceTree = "<group>";
		};
		C2C6D0D21CDC3012001AFFC3 /* Products */ = {
			isa = PBXGroup;
			children = (
				C2C6D0D11CDC3012001AFFC3 /* TipCalculator.app */,
				C2C6D0EA1CDC3013001AFFC3 /* TipCalculatorTests.xctest */,
				C2C6D0F51CDC3013001AFFC3 /* TipCalculatorUITests.xctest */,
			);
			name = Products;
			sourceTree = "<group>";
		};
		C2C6D0D31CDC3012001AFFC3 /* TipCalculator */ = {
			isa = PBXGroup;
			children = (
				C2C6D0D71CDC3012001AFFC3 /* AppDelegate.h */,
				C2C6D0D81CDC3012001AFFC3 /* AppDelegate.m */,
				C2C6D10A1CDC4B02001AFFC3 /* Model */,
				C2C6D10B1CDC4B0F001AFFC3 /* View */,
				C2C6D10C1CDC4B1D001AFFC3 /* Controller */,
				C2C6D0E01CDC3012001AFFC3 /* Assets.xcassets */,
				C2C6D0E21CDC3012001AFFC3 /* LaunchScreen.storyboard */,
				C2C6D0E51CDC3012001AFFC3 /* Info.plist */,
				C2C6D0D41CDC3012001AFFC3 /* Supporting Files */,
			);
			path = TipCalculator;
			sourceTree = "<group>";
		};
		C2C6D0D41CDC3012001AFFC3 /* Supporting Files */ = {
			isa = PBXGroup;
			children = (
				C2C6D0D51CDC3012001AFFC3 /* main.m */,
			);
			name = "Supporting Files";
			sourceTree = "<group>";
		};
		C2C6D0ED1CDC3013001AFFC3 /* TipCalculatorTests */ = {
			isa = PBXGroup;
			children = (
				C2C6D0EE1CDC3013001AFFC3 /* TipCalculatorTests.m */,
				C2C6D0F01CDC3013001AFFC3 /* Info.plist */,
			);
			path = TipCalculatorTests;
			sourceTree = "<group>";
		};
		C2C6D0F81CDC3013001AFFC3 /* TipCalculatorUITests */ = {
			isa = PBXGroup;
			children = (
				C2C6D0F91CDC3013001AFFC3 /* TipCalculatorUITests.m */,
				C2C6D0FB1CDC3013001AFFC3 /* Info.plist */,
			);
			path = TipCalculatorUITests;
			sourceTree = "<group>";
		};
		C2C6D10A1CDC4B02001AFFC3 /* Model */ = {
			isa = PBXGroup;
			children = (
				C2C6D1071CDC4AFB001AFFC3 /* Calculations.h */,
				C2C6D1081CDC4AFB001AFFC3 /* Calculations.m */,
			);
			name = Model;
			sourceTree = "<group>";
		};
		C2C6D10B1CDC4B0F001AFFC3 /* View */ = {
			isa = PBXGroup;
			children = (
				C2C6D0DD1CDC3012001AFFC3 /* Main.storyboard */,
			);
			name = View;
			sourceTree = "<group>";
		};
		C2C6D10C1CDC4B1D001AFFC3 /* Controller */ = {
			isa = PBXGroup;
			children = (
				C2C6D0DA1CDC3012001AFFC3 /* ViewController.h */,
				C2C6D0DB1CDC3012001AFFC3 /* ViewController.m */,
			);
			name = Controller;
			sourceTree = "<group>";
		};
/* End PBXGroup section */

/* Begin PBXNativeTarget section */
		C2C6D0D01CDC3012001AFFC3 /* TipCalculator */ = {
			isa = PBXNativeTarget;
			buildConfigurationList = C2C6D0FE1CDC3013001AFFC3 /* Build configuration list for PBXNativeTarget "TipCalculator" */;
			buildPhases = (
				C2C6D0CD1CDC3012001AFFC3 /* Sources */,
				C2C6D0CE1CDC3012001AFFC3 /* Frameworks */,
				C2C6D0CF1CDC3012001AFFC3 /* Resources */,
			);
			buildRules = (
			);
			dependencies = (
			);
			name = TipCalculator;
			productName = TipCalculator;
			productReference = C2C6D0D11CDC3012001AFFC3 /* TipCalculator.app */;
			productType = "com.apple.product-type.application";
		};
		C2C6D0E91CDC3013001AFFC3 /* TipCalculatorTests */ = {
			isa = PBXNativeTarget;
			buildConfigurationList = C2C6D1011CDC3013001AFFC3 /* Build configuration list for PBXNativeTarget "TipCalculatorTests" */;
			buildPhases = (
				C2C6D0E61CDC3013001AFFC3 /* Sources */,
				C2C6D0E71CDC3013001AFFC3 /* Frameworks */,
				C2C6D0E81CDC3013001AFFC3 /* Resources */,
			);
			buildRules = (
			);
			dependencies = (
				C2C6D0EC1CDC3013001AFFC3 /* PBXTargetDependency */,
			);
			name = TipCalculatorTests;
			productName = TipCalculatorTests;
			productReference = C2C6D0EA1CDC3013001AFFC3 /* TipCalculatorTests.xctest */;
			productType = "com.apple.product-type.bundle.unit-test";
		};
		C2C6D0F41CDC3013001AFFC3 /* TipCalculatorUITests */ = {
			isa = PBXNativeTarget;
			buildConfigurationList = C2C6D1041CDC3013001AFFC3 /* Build configuration list for PBXNativeTarget "TipCalculatorUITests" */;
			buildPhases = (
				C2C6D0F11CDC3013001AFFC3 /* Sources */,
				C2C6D0F21CDC3013001AFFC3 /* Frameworks */,
				C2C6D0F31CDC3013001AFFC3 /* Resources */,
			);
			buildRules = (
			);
			dependencies = (
				C2C6D0F71CDC3013001AFFC3 /* PBXTargetDependency */,
			);
			name = TipCalculatorUITests;
			productName = TipCalculatorUITests;
			productReference = C2C6D0F51CDC3013001AFFC3 /* TipCalculatorUITests.xctest */;
			productType = "com.apple.product-type.bundle.ui-testing";
		};
/* End PBXNativeTarget section */

/* Begin PBXProject section */
		C2C6D0C91CDC3012001AFFC3 /* Project object */ = {
			isa = PBXProject;
			attributes = {
				LastUpgradeCheck = 0730;
				ORGANIZATIONNAME = "David Perkins";
				TargetAttributes = {
					C2C6D0D01CDC3012001AFFC3 = {
						CreatedOnToolsVersion = 7.3;
					};
					C2C6D0E91CDC3013001AFFC3 = {
						CreatedOnToolsVersion = 7.3;
						TestTargetID = C2C6D0D01CDC3012001AFFC3;
					};
					C2C6D0F41CDC3013001AFFC3 = {
						CreatedOnToolsVersion = 7.3;
						TestTargetID = C2C6D0D01CDC3012001AFFC3;
					};
				};
			};
			buildConfigurationList = C2C6D0CC1CDC3012001AFFC3 /* Build configuration list for PBXProject "TipCalculator" */;
			compatibilityVersion = "Xcode 3.2";
			developmentRegion = English;
			hasScannedForEncodings = 0;
			knownRegions = (
				en,
				Base,
			);
			mainGroup = C2C6D0C81CDC3012001AFFC3;
			productRefGroup = C2C6D0D21CDC3012001AFFC3 /* Products */;
			projectDirPath = "";
			projectRoot = "";
			targets = (
				C2C6D0D01CDC3012001AFFC3 /* TipCalculator */,
				C2C6D0E91CDC3013001AFFC3 /* TipCalculatorTests */,
				C2C6D0F41CDC3013001AFFC3 /* TipCalculatorUITests */,
			);
		};
/* End PBXProject section */

/* Begin PBXResourcesBuildPhase section */
		C2C6D0CF1CDC3012001AFFC3 /* Resources */ = {
			isa = PBXResourcesBuildPhase;
			buildActionMask = 2147483647;
			files = (
				C2C6D0E41CDC3012001AFFC3 /* LaunchScreen.storyboard in Resources */,
				C2C6D0E11CDC3012001AFFC3 /* Assets.xcassets in Resources */,
				C2C6D0DF1CDC3012001AFFC3 /* Main.storyboard in Resources */,
			);
			runOnlyForDeploymentPostprocessing = 0;
		};
		C2C6D0E81CDC3013001AFFC3 /* Resources */ = {
			isa = PBXResourcesBuildPhase;
			buildActionMask = 2147483647;
			files = (
			);
			runOnlyForDeploymentPostprocessing = 0;
		};
		C2C6D0F31CDC3013001AFFC3 /* Resources */ = {
			isa = PBXResourcesBuildPhase;
			buildActionMask = 2147483647;
			files = (
			);
			runOnlyForDeploymentPostprocessing = 0;
		};
/* End PBXResourcesBuildPhase section */

/* Begin PBXSourcesBuildPhase section */
		C2C6D0CD1CDC3012001AFFC3 /* Sources */ = {
			isa = PBXSourcesBuildPhase;
			buildActionMask = 2147483647;
			files = (
				C2C6D0DC1CDC3012001AFFC3 /* ViewController.m in Sources */,
				C2C6D0D91CDC3012001AFFC3 /* AppDelegate.m in Sources */,
				C2C6D0D61CDC3012001AFFC3 /* main.m in Sources */,
				C2C6D1091CDC4AFB001AFFC3 /* Calculations.m in Sources */,
			);
			runOnlyForDeploymentPostprocessing = 0;
		};
		C2C6D0E61CDC3013001AFFC3 /* Sources */ = {
			isa = PBXSourcesBuildPhase;
			buildActionMask = 2147483647;
			files = (
				C2C6D0EF1CDC3013001AFFC3 /* TipCalculatorTests.m in Sources */,
			);
			runOnlyForDeploymentPostprocessing = 0;
		};
		C2C6D0F11CDC3013001AFFC3 /* Sources */ = {
			isa = PBXSourcesBuildPhase;
			buildActionMask = 2147483647;
			files = (
				C2C6D0FA1CDC3013001AFFC3 /* TipCalculatorUITests.m in Sources */,
			);
			runOnlyForDeploymentPostprocessing = 0;
		};
/* End PBXSourcesBuildPhase section */

/* Begin PBXTargetDependency section */
		C2C6D0EC1CDC3013001AFFC3 /* PBXTargetDependency */ = {
			isa = PBXTargetDependency;
			target = C2C6D0D01CDC3012001AFFC3 /* TipCalculator */;
			targetProxy = C2C6D0EB1CDC3013001AFFC3 /* PBXContainerItemProxy */;
		};
		C2C6D0F71CDC3013001AFFC3 /* PBXTargetDependency */ = {
			isa = PBXTargetDependency;
			target = C2C6D0D01CDC3012001AFFC3 /* TipCalculator */;
			targetProxy = C2C6D0F61CDC3013001AFFC3 /* PBXContainerItemProxy */;
		};
/* End PBXTargetDependency section */

/* Begin PBXVariantGroup section */
		C2C6D0DD1CDC3012001AFFC3 /* Main.storyboard */ = {
			isa = PBXVariantGroup;
			children = (
				C2C6D0DE1CDC3012001AFFC3 /* Base */,
			);
			name = Main.storyboard;
			sourceTree = "<group>";
		};
		C2C6D0E21CDC3012001AFFC3 /* LaunchScreen.storyboard */ = {
			isa = PBXVariantGroup;
			children = (
				C2C6D0E31CDC3012001AFFC3 /* Base */,
			);
			name = LaunchScreen.storyboard;
			sourceTree = "<group>";
		};
/* End PBXVariantGroup section */

/* Begin XCBuildConfiguration section */
		C2C6D0FC1CDC3013001AFFC3 /* Debug */ = {
			isa = XCBuildConfiguration;
			buildSettings = {
				ALWAYS_SEARCH_USER_PATHS = NO;
				CLANG_ANALYZER_NONNULL = YES;
				CLANG_CXX_LANGUAGE_STANDARD = "gnu++0x";
				CLANG_CXX_LIBRARY = "libc++";
				CLANG_ENABLE_MODULES = YES;
				CLANG_ENABLE_OBJC_ARC = YES;
				CLANG_WARN_BOOL_CONVERSION = YES;
				CLANG_WARN_CONSTANT_CONVERSION = YES;
				CLANG_WARN_DIRECT_OBJC_ISA_USAGE = YES_ERROR;
				CLANG_WARN_EMPTY_BODY = YES;
				CLANG_WARN_ENUM_CONVERSION = YES;
				CLANG_WARN_INT_CONVERSION = YES;
				CLANG_WARN_OBJC_ROOT_CLASS = YES_ERROR;
				CLANG_WARN_UNREACHABLE_CODE = YES;
				CLANG_WARN__DUPLICATE_METHOD_MATCH = YES;
				"CODE_SIGN_IDENTITY[sdk=iphoneos*]" = "iPhone Developer";
				COPY_PHASE_STRIP = NO;
				DEBUG_INFORMATION_FORMAT = dwarf;
				ENABLE_STRICT_OBJC_MSGSEND = YES;
				ENABLE_TESTABILITY = YES;
				GCC_C_LANGUAGE_STANDARD = gnu99;
				GCC_DYNAMIC_NO_PIC = NO;
				GCC_NO_COMMON_BLOCKS = YES;
				GCC_OPTIMIZATION_LEVEL = 0;
				GCC_PREPROCESSOR_DEFINITIONS = (
					"DEBUG=1",
					"$(inherited)",
				);
				GCC_WARN_64_TO_32_BIT_CONVERSION = YES;
				GCC_WARN_ABOUT_RETURN_TYPE = YES_ERROR;
				GCC_WARN_UNDECLARED_SELECTOR = YES;
				GCC_WARN_UNINITIALIZED_AUTOS = YES_AGGRESSIVE;
				GCC_WARN_UNUSED_FUNCTION = YES;
				GCC_WARN_UNUSED_VARIABLE = YES;
				IPHONEOS_DEPLOYMENT_TARGET = 9.3;
				MTL_ENABLE_DEBUG_INFO = YES;
				ONLY_ACTIVE_ARCH = YES;
				SDKROOT = iphoneos;
				TARGETED_DEVICE_FAMILY = "1,2";
			};
			name = Debug;
		};
		C2C6D0FD1CDC3013001AFFC3 /* Release */ = {
			isa = XCBuildConfiguration;
			buildSettings = {
				ALWAYS_SEARCH_USER_PATHS = NO;
				CLANG_ANALYZER_NONNULL = YES;
				CLANG_CXX_LANGUAGE_STANDARD = "gnu++0x";
				CLANG_CXX_LIBRARY = "libc++";
				CLANG_ENABLE_MODULES = YES;
				CLANG_ENABLE_OBJC_ARC = YES;
				CLANG_WARN_BOOL_CONVERSION = YES;
				CLANG_WARN_CONSTANT_CONVERSION = YES;
				CLANG_WARN_DIRECT_OBJC_ISA_USAGE = YES_ERROR;
				CLANG_WARN_EMPTY_BODY = YES;
				CLANG_WARN_ENUM_CONVERSION = YES;
				CLANG_WARN_INT_CONVERSION = YES;
				CLANG_WARN_OBJC_ROOT_CLASS = YES_ERROR;
				CLANG_WARN_UNREACHABLE_CODE = YES;
				CLANG_WARN__DUPLICATE_METHOD_MATCH = YES;
				"CODE_SIGN_IDENTITY[sdk=iphoneos*]" = "iPhone Developer";
				COPY_PHASE_STRIP = NO;
				DEBUG_INFORMATION_FORMAT = "dwarf-with-dsym";
				ENABLE_NS_ASSERTIONS = NO;
				ENABLE_STRICT_OBJC_MSGSEND = YES;
				GCC_C_LANGUAGE_STANDARD = gnu99;
				GCC_NO_COMMON_BLOCKS = YES;
				GCC_WARN_64_TO_32_BIT_CONVERSION = YES;
				GCC_WARN_ABOUT_RETURN_TYPE = YES_ERROR;
				GCC_WARN_UNDECLARED_SELECTOR = YES;
				GCC_WARN_UNINITIALIZED_AUTOS = YES_AGGRESSIVE;
				GCC_WARN_UNUSED_FUNCTION = YES;
				GCC_WARN_UNUSED_VARIABLE = YES;
				IPHONEOS_DEPLOYMENT_TARGET = 9.3;
				MTL_ENABLE_DEBUG_INFO = NO;
				SDKROOT = iphoneos;
				TARGETED_DEVICE_FAMILY = "1,2";
				VALIDATE_PRODUCT = YES;
			};
			name = Release;
		};
		C2C6D0FF1CDC3013001AFFC3 /* Debug */ = {
			isa = XCBuildConfiguration;
			buildSettings = {
				ASSETCATALOG_COMPILER_APPICON_NAME = AppIcon;
				INFOPLIST_FILE = TipCalculator/Info.plist;
				LD_RUNPATH_SEARCH_PATHS = "$(inherited) @executable_path/Frameworks";
				PRODUCT_BUNDLE_IDENTIFIER = io.davidperkins.TipCalculator;
				PRODUCT_NAME = "$(TARGET_NAME)";
			};
			name = Debug;
		};
		C2C6D1001CDC3013001AFFC3 /* Release */ = {
			isa = XCBuildConfiguration;
			buildSettings = {
				ASSETCATALOG_COMPILER_APPICON_NAME = AppIcon;
				INFOPLIST_FILE = TipCalculator/Info.plist;
				LD_RUNPATH_SEARCH_PATHS = "$(inherited) @executable_path/Frameworks";
				PRODUCT_BUNDLE_IDENTIFIER = io.davidperkins.TipCalculator;
				PRODUCT_NAME = "$(TARGET_NAME)";
			};
			name = Release;
		};
		C2C6D1021CDC3013001AFFC3 /* Debug */ = {
			isa = XCBuildConfiguration;
			buildSettings = {
				BUNDLE_LOADER = "$(TEST_HOST)";
				INFOPLIST_FILE = TipCalculatorTests/Info.plist;
				LD_RUNPATH_SEARCH_PATHS = "$(inherited) @executable_path/Frameworks @loader_path/Frameworks";
				PRODUCT_BUNDLE_IDENTIFIER = io.davidperkins.TipCalculatorTests;
				PRODUCT_NAME = "$(TARGET_NAME)";
				TEST_HOST = "$(BUILT_PRODUCTS_DIR)/TipCalculator.app/TipCalculator";
			};
			name = Debug;
		};
		C2C6D1031CDC3013001AFFC3 /* Release */ = {
			isa = XCBuildConfiguration;
			buildSettings = {
				BUNDLE_LOADER = "$(TEST_HOST)";
				INFOPLIST_FILE = TipCalculatorTests/Info.plist;
				LD_RUNPATH_SEARCH_PATHS = "$(inherited) @executable_path/Frameworks @loader_path/Frameworks";
				PRODUCT_BUNDLE_IDENTIFIER = io.davidperkins.TipCalculatorTests;
				PRODUCT_NAME = "$(TARGET_NAME)";
				TEST_HOST = "$(BUILT_PRODUCTS_DIR)/TipCalculator.app/TipCalculator";
			};
			name = Release;
		};
		C2C6D1051CDC3013001AFFC3 /* Debug */ = {
			isa = XCBuildConfiguration;
			buildSettings = {
				INFOPLIST_FILE = TipCalculatorUITests/Info.plist;
				LD_RUNPATH_SEARCH_PATHS = "$(inherited) @executable_path/Frameworks @loader_path/Frameworks";
				PRODUCT_BUNDLE_IDENTIFIER = io.davidperkins.TipCalculatorUITests;
				PRODUCT_NAME = "$(TARGET_NAME)";
				TEST_TARGET_NAME = TipCalculator;
			};
			name = Debug;
		};
		C2C6D1061CDC3013001AFFC3 /* Release */ = {
			isa = XCBuildConfiguration;
			buildSettings = {
				INFOPLIST_FILE = TipCalculatorUITests/Info.plist;
				LD_RUNPATH_SEARCH_PATHS = "$(inherited) @executable_path/Frameworks @loader_path/Frameworks";
				PRODUCT_BUNDLE_IDENTIFIER = io.davidperkins.TipCalculatorUITests;
				PRODUCT_NAME = "$(TARGET_NAME)";
				TEST_TARGET_NAME = TipCalculator;
			};
			name = Release;
		};
/* End XCBuildConfiguration section */

/* Begin XCConfigurationList section */
		C2C6D0CC1CDC3012001AFFC3 /* Build configuration list for PBXProject "TipCalculator" */ = {
			isa = XCConfigurationList;
			buildConfigurations = (
				C2C6D0FC1CDC3013001AFFC3 /* Debug */,
				C2C6D0FD1CDC3013001AFFC3 /* Release */,
			);
			defaultConfigurationIsVisible = 0;
			defaultConfigurationName = Release;
		};
		C2C6D0FE1CDC3013001AFFC3 /* Build configuration list for PBXNativeTarget "TipCalculator" */ = {
			isa = XCConfigurationList;
			buildConfigurations = (
				C2C6D0FF1CDC3013001AFFC3 /* Debug */,
				C2C6D1001CDC3013001AFFC3 /* Release */,
			);
			defaultConfigurationIsVisible = 0;
		};
		C2C6D1011CDC3013001AFFC3 /* Build configuration list for PBXNativeTarget "TipCalculatorTests" */ = {
			isa = XCConfigurationList;
			buildConfigurations = (
				C2C6D1021CDC3013001AFFC3 /* Debug */,
				C2C6D1031CDC3013001AFFC3 /* Release */,
			);
			defaultConfigurationIsVisible = 0;
		};
		C2C6D1041CDC3013001AFFC3 /* Build configuration list for PBXNativeTarget "TipCalculatorUITests" */ = {
			isa = XCConfigurationList;
			buildConfigurations = (
				C2C6D1051CDC3013001AFFC3 /* Debug */,
				C2C6D1061CDC3013001AFFC3 /* Release */,
			);
			defaultConfigurationIsVisible = 0;
		};
/* End XCConfigurationList section */
	};
	rootObject = C2C6D0C91CDC3012001AFFC3 /* Project object */;
}
