// !$*UTF8*$!
{
	archiveVersion = 1;
	classes = {
	};
	objectVersion = 46;
	objects = {

/* Begin PBXBuildFile section */
		C2E4DCE61CD136660081F4DC /* main.m in Sources */ = {isa = PBXBuildFile; fileRef = C2E4DCE51CD136660081F4DC /* main.m */; };
		C2E4DCE91CD136660081F4DC /* AppDelegate.m in Sources */ = {isa = PBXBuildFile; fileRef = C2E4DCE81CD136660081F4DC /* AppDelegate.m */; };
		C2E4DCEC1CD136660081F4DC /* ViewController.m in Sources */ = {isa = PBXBuildFile; fileRef = C2E4DCEB1CD136660081F4DC /* ViewController.m */; };
		C2E4DCEF1CD136660081F4DC /* Main.storyboard in Resources */ = {isa = PBXBuildFile; fileRef = C2E4DCED1CD136660081F4DC /* Main.storyboard */; };
		C2E4DCF11CD136660081F4DC /* Assets.xcassets in Resources */ = {isa = PBXBuildFile; fileRef = C2E4DCF01CD136660081F4DC /* Assets.xcassets */; };
		C2E4DCF41CD136660081F4DC /* LaunchScreen.storyboard in Resources */ = {isa = PBXBuildFile; fileRef = C2E4DCF21CD136660081F4DC /* LaunchScreen.storyboard */; };
		C2E4DCFF1CD136660081F4DC /* TapperTests.m in Sources */ = {isa = PBXBuildFile; fileRef = C2E4DCFE1CD136660081F4DC /* TapperTests.m */; };
		C2E4DD0A1CD136660081F4DC /* TapperUITests.m in Sources */ = {isa = PBXBuildFile; fileRef = C2E4DD091CD136660081F4DC /* TapperUITests.m */; };
/* End PBXBuildFile section */

/* Begin PBXContainerItemProxy section */
		C2E4DCFB1CD136660081F4DC /* PBXContainerItemProxy */ = {
			isa = PBXContainerItemProxy;
			containerPortal = C2E4DCD91CD136660081F4DC /* Project object */;
			proxyType = 1;
			remoteGlobalIDString = C2E4DCE01CD136660081F4DC;
			remoteInfo = Tapper;
		};
		C2E4DD061CD136660081F4DC /* PBXContainerItemProxy */ = {
			isa = PBXContainerItemProxy;
			containerPortal = C2E4DCD91CD136660081F4DC /* Project object */;
			proxyType = 1;
			remoteGlobalIDString = C2E4DCE01CD136660081F4DC;
			remoteInfo = Tapper;
		};
/* End PBXContainerItemProxy section */

/* Begin PBXFileReference section */
		C2E4DCE11CD136660081F4DC /* Tapper.app */ = {isa = PBXFileReference; explicitFileType = wrapper.application; includeInIndex = 0; path = Tapper.app; sourceTree = BUILT_PRODUCTS_DIR; };
		C2E4DCE51CD136660081F4DC /* main.m */ = {isa = PBXFileReference; lastKnownFileType = sourcecode.c.objc; path = main.m; sourceTree = "<group>"; };
		C2E4DCE71CD136660081F4DC /* AppDelegate.h */ = {isa = PBXFileReference; lastKnownFileType = sourcecode.c.h; path = AppDelegate.h; sourceTree = "<group>"; };
		C2E4DCE81CD136660081F4DC /* AppDelegate.m */ = {isa = PBXFileReference; lastKnownFileType = sourcecode.c.objc; path = AppDelegate.m; sourceTree = "<group>"; };
		C2E4DCEA1CD136660081F4DC /* ViewController.h */ = {isa = PBXFileReference; lastKnownFileType = sourcecode.c.h; path = ViewController.h; sourceTree = "<group>"; };
		C2E4DCEB1CD136660081F4DC /* ViewController.m */ = {isa = PBXFileReference; lastKnownFileType = sourcecode.c.objc; path = ViewController.m; sourceTree = "<group>"; };
		C2E4DCEE1CD136660081F4DC /* Base */ = {isa = PBXFileReference; lastKnownFileType = file.storyboard; name = Base; path = Base.lproj/Main.storyboard; sourceTree = "<group>"; };
		C2E4DCF01CD136660081F4DC /* Assets.xcassets */ = {isa = PBXFileReference; lastKnownFileType = folder.assetcatalog; path = Assets.xcassets; sourceTree = "<group>"; };
		C2E4DCF31CD136660081F4DC /* Base */ = {isa = PBXFileReference; lastKnownFileType = file.storyboard; name = Base; path = Base.lproj/LaunchScreen.storyboard; sourceTree = "<group>"; };
		C2E4DCF51CD136660081F4DC /* Info.plist */ = {isa = PBXFileReference; lastKnownFileType = text.plist.xml; path = Info.plist; sourceTree = "<group>"; };
		C2E4DCFA1CD136660081F4DC /* TapperTests.xctest */ = {isa = PBXFileReference; explicitFileType = wrapper.cfbundle; includeInIndex = 0; path = TapperTests.xctest; sourceTree = BUILT_PRODUCTS_DIR; };
		C2E4DCFE1CD136660081F4DC /* TapperTests.m */ = {isa = PBXFileReference; lastKnownFileType = sourcecode.c.objc; path = TapperTests.m; sourceTree = "<group>"; };
		C2E4DD001CD136660081F4DC /* Info.plist */ = {isa = PBXFileReference; lastKnownFileType = text.plist.xml; path = Info.plist; sourceTree = "<group>"; };
		C2E4DD051CD136660081F4DC /* TapperUITests.xctest */ = {isa = PBXFileReference; explicitFileType = wrapper.cfbundle; includeInIndex = 0; path = TapperUITests.xctest; sourceTree = BUILT_PRODUCTS_DIR; };
		C2E4DD091CD136660081F4DC /* TapperUITests.m */ = {isa = PBXFileReference; lastKnownFileType = sourcecode.c.objc; path = TapperUITests.m; sourceTree = "<group>"; };
		C2E4DD0B1CD136660081F4DC /* Info.plist */ = {isa = PBXFileReference; lastKnownFileType = text.plist.xml; path = Info.plist; sourceTree = "<group>"; };
/* End PBXFileReference section */

/* Begin PBXFrameworksBuildPhase section */
		C2E4DCDE1CD136660081F4DC /* Frameworks */ = {
			isa = PBXFrameworksBuildPhase;
			buildActionMask = 2147483647;
			files = (
			);
			runOnlyForDeploymentPostprocessing = 0;
		};
		C2E4DCF71CD136660081F4DC /* Frameworks */ = {
			isa = PBXFrameworksBuildPhase;
			buildActionMask = 2147483647;
			files = (
			);
			runOnlyForDeploymentPostprocessing = 0;
		};
		C2E4DD021CD136660081F4DC /* Frameworks */ = {
			isa = PBXFrameworksBuildPhase;
			buildActionMask = 2147483647;
			files = (
			);
			runOnlyForDeploymentPostprocessing = 0;
		};
/* End PBXFrameworksBuildPhase section */

/* Begin PBXGroup section */
		C2E4DCD81CD136660081F4DC = {
			isa = PBXGroup;
			children = (
				C2E4DCE31CD136660081F4DC /* Tapper */,
				C2E4DCFD1CD136660081F4DC /* TapperTests */,
				C2E4DD081CD136660081F4DC /* TapperUITests */,
				C2E4DCE21CD136660081F4DC /* Products */,
			);
			sourceTree = "<group>";
		};
		C2E4DCE21CD136660081F4DC /* Products */ = {
			isa = PBXGroup;
			children = (
				C2E4DCE11CD136660081F4DC /* Tapper.app */,
				C2E4DCFA1CD136660081F4DC /* TapperTests.xctest */,
				C2E4DD051CD136660081F4DC /* TapperUITests.xctest */,
			);
			name = Products;
			sourceTree = "<group>";
		};
		C2E4DCE31CD136660081F4DC /* Tapper */ = {
			isa = PBXGroup;
			children = (
				C2E4DCE71CD136660081F4DC /* AppDelegate.h */,
				C2E4DCE81CD136660081F4DC /* AppDelegate.m */,
				C2E4DCEA1CD136660081F4DC /* ViewController.h */,
				C2E4DCEB1CD136660081F4DC /* ViewController.m */,
				C2E4DCED1CD136660081F4DC /* Main.storyboard */,
				C2E4DCF01CD136660081F4DC /* Assets.xcassets */,
				C2E4DCF21CD136660081F4DC /* LaunchScreen.storyboard */,
				C2E4DCF51CD136660081F4DC /* Info.plist */,
				C2E4DCE41CD136660081F4DC /* Supporting Files */,
			);
			path = Tapper;
			sourceTree = "<group>";
		};
		C2E4DCE41CD136660081F4DC /* Supporting Files */ = {
			isa = PBXGroup;
			children = (
				C2E4DCE51CD136660081F4DC /* main.m */,
			);
			name = "Supporting Files";
			sourceTree = "<group>";
		};
		C2E4DCFD1CD136660081F4DC /* TapperTests */ = {
			isa = PBXGroup;
			children = (
				C2E4DCFE1CD136660081F4DC /* TapperTests.m */,
				C2E4DD001CD136660081F4DC /* Info.plist */,
			);
			path = TapperTests;
			sourceTree = "<group>";
		};
		C2E4DD081CD136660081F4DC /* TapperUITests */ = {
			isa = PBXGroup;
			children = (
				C2E4DD091CD136660081F4DC /* TapperUITests.m */,
				C2E4DD0B1CD136660081F4DC /* Info.plist */,
			);
			path = TapperUITests;
			sourceTree = "<group>";
		};
/* End PBXGroup section */

/* Begin PBXNativeTarget section */
		C2E4DCE01CD136660081F4DC /* Tapper */ = {
			isa = PBXNativeTarget;
			buildConfigurationList = C2E4DD0E1CD136660081F4DC /* Build configuration list for PBXNativeTarget "Tapper" */;
			buildPhases = (
				C2E4DCDD1CD136660081F4DC /* Sources */,
				C2E4DCDE1CD136660081F4DC /* Frameworks */,
				C2E4DCDF1CD136660081F4DC /* Resources */,
			);
			buildRules = (
			);
			dependencies = (
			);
			name = Tapper;
			productName = Tapper;
			productReference = C2E4DCE11CD136660081F4DC /* Tapper.app */;
			productType = "com.apple.product-type.application";
		};
		C2E4DCF91CD136660081F4DC /* TapperTests */ = {
			isa = PBXNativeTarget;
			buildConfigurationList = C2E4DD111CD136660081F4DC /* Build configuration list for PBXNativeTarget "TapperTests" */;
			buildPhases = (
				C2E4DCF61CD136660081F4DC /* Sources */,
				C2E4DCF71CD136660081F4DC /* Frameworks */,
				C2E4DCF81CD136660081F4DC /* Resources */,
			);
			buildRules = (
			);
			dependencies = (
				C2E4DCFC1CD136660081F4DC /* PBXTargetDependency */,
			);
			name = TapperTests;
			productName = TapperTests;
			productReference = C2E4DCFA1CD136660081F4DC /* TapperTests.xctest */;
			productType = "com.apple.product-type.bundle.unit-test";
		};
		C2E4DD041CD136660081F4DC /* TapperUITests */ = {
			isa = PBXNativeTarget;
			buildConfigurationList = C2E4DD141CD136660081F4DC /* Build configuration list for PBXNativeTarget "TapperUITests" */;
			buildPhases = (
				C2E4DD011CD136660081F4DC /* Sources */,
				C2E4DD021CD136660081F4DC /* Frameworks */,
				C2E4DD031CD136660081F4DC /* Resources */,
			);
			buildRules = (
			);
			dependencies = (
				C2E4DD071CD136660081F4DC /* PBXTargetDependency */,
			);
			name = TapperUITests;
			productName = TapperUITests;
			productReference = C2E4DD051CD136660081F4DC /* TapperUITests.xctest */;
			productType = "com.apple.product-type.bundle.ui-testing";
		};
/* End PBXNativeTarget section */

/* Begin PBXProject section */
		C2E4DCD91CD136660081F4DC /* Project object */ = {
			isa = PBXProject;
			attributes = {
				LastUpgradeCheck = 0730;
				ORGANIZATIONNAME = "David Perkins";
				TargetAttributes = {
					C2E4DCE01CD136660081F4DC = {
						CreatedOnToolsVersion = 7.3;
					};
					C2E4DCF91CD136660081F4DC = {
						CreatedOnToolsVersion = 7.3;
						TestTargetID = C2E4DCE01CD136660081F4DC;
					};
					C2E4DD041CD136660081F4DC = {
						CreatedOnToolsVersion = 7.3;
						TestTargetID = C2E4DCE01CD136660081F4DC;
					};
				};
			};
			buildConfigurationList = C2E4DCDC1CD136660081F4DC /* Build configuration list for PBXProject "Tapper" */;
			compatibilityVersion = "Xcode 3.2";
			developmentRegion = English;
			hasScannedForEncodings = 0;
			knownRegions = (
				en,
				Base,
			);
			mainGroup = C2E4DCD81CD136660081F4DC;
			productRefGroup = C2E4DCE21CD136660081F4DC /* Products */;
			projectDirPath = "";
			projectRoot = "";
			targets = (
				C2E4DCE01CD136660081F4DC /* Tapper */,
				C2E4DCF91CD136660081F4DC /* TapperTests */,
				C2E4DD041CD136660081F4DC /* TapperUITests */,
			);
		};
/* End PBXProject section */

/* Begin PBXResourcesBuildPhase section */
		C2E4DCDF1CD136660081F4DC /* Resources */ = {
			isa = PBXResourcesBuildPhase;
			buildActionMask = 2147483647;
			files = (
				C2E4DCF41CD136660081F4DC /* LaunchScreen.storyboard in Resources */,
				C2E4DCF11CD136660081F4DC /* Assets.xcassets in Resources */,
				C2E4DCEF1CD136660081F4DC /* Main.storyboard in Resources */,
			);
			runOnlyForDeploymentPostprocessing = 0;
		};
		C2E4DCF81CD136660081F4DC /* Resources */ = {
			isa = PBXResourcesBuildPhase;
			buildActionMask = 2147483647;
			files = (
			);
			runOnlyForDeploymentPostprocessing = 0;
		};
		C2E4DD031CD136660081F4DC /* Resources */ = {
			isa = PBXResourcesBuildPhase;
			buildActionMask = 2147483647;
			files = (
			);
			runOnlyForDeploymentPostprocessing = 0;
		};
/* End PBXResourcesBuildPhase section */

/* Begin PBXSourcesBuildPhase section */
		C2E4DCDD1CD136660081F4DC /* Sources */ = {
			isa = PBXSourcesBuildPhase;
			buildActionMask = 2147483647;
			files = (
				C2E4DCEC1CD136660081F4DC /* ViewController.m in Sources */,
				C2E4DCE91CD136660081F4DC /* AppDelegate.m in Sources */,
				C2E4DCE61CD136660081F4DC /* main.m in Sources */,
			);
			runOnlyForDeploymentPostprocessing = 0;
		};
		C2E4DCF61CD136660081F4DC /* Sources */ = {
			isa = PBXSourcesBuildPhase;
			buildActionMask = 2147483647;
			files = (
				C2E4DCFF1CD136660081F4DC /* TapperTests.m in Sources */,
			);
			runOnlyForDeploymentPostprocessing = 0;
		};
		C2E4DD011CD136660081F4DC /* Sources */ = {
			isa = PBXSourcesBuildPhase;
			buildActionMask = 2147483647;
			files = (
				C2E4DD0A1CD136660081F4DC /* TapperUITests.m in Sources */,
			);
			runOnlyForDeploymentPostprocessing = 0;
		};
/* End PBXSourcesBuildPhase section */

/* Begin PBXTargetDependency section */
		C2E4DCFC1CD136660081F4DC /* PBXTargetDependency */ = {
			isa = PBXTargetDependency;
			target = C2E4DCE01CD136660081F4DC /* Tapper */;
			targetProxy = C2E4DCFB1CD136660081F4DC /* PBXContainerItemProxy */;
		};
		C2E4DD071CD136660081F4DC /* PBXTargetDependency */ = {
			isa = PBXTargetDependency;
			target = C2E4DCE01CD136660081F4DC /* Tapper */;
			targetProxy = C2E4DD061CD136660081F4DC /* PBXContainerItemProxy */;
		};
/* End PBXTargetDependency section */

/* Begin PBXVariantGroup section */
		C2E4DCED1CD136660081F4DC /* Main.storyboard */ = {
			isa = PBXVariantGroup;
			children = (
				C2E4DCEE1CD136660081F4DC /* Base */,
			);
			name = Main.storyboard;
			sourceTree = "<group>";
		};
		C2E4DCF21CD136660081F4DC /* LaunchScreen.storyboard */ = {
			isa = PBXVariantGroup;
			children = (
				C2E4DCF31CD136660081F4DC /* Base */,
			);
			name = LaunchScreen.storyboard;
			sourceTree = "<group>";
		};
/* End PBXVariantGroup section */

/* Begin XCBuildConfiguration section */
		C2E4DD0C1CD136660081F4DC /* Debug */ = {
			isa = XCBuildConfiguration;
			buildSettings = {
				ALWAYS_SEARCH_USER_PATHS = NO;
				CLANG_ANALYZER_NONNULL = YES;
				CLANG_CXX_LANGUAGE_STANDARD = "gnu++0x";
				CLANG_CXX_LIBRARY = "libc++";
				CLANG_ENABLE_MODULES = YES;
				CLANG_ENABLE_OBJC_ARC = YES;
				CLANG_WARN_BOOL_CONVERSION = YES;
				CLANG_WARN_CONSTANT_CONVERSION = YES;
				CLANG_WARN_DIRECT_OBJC_ISA_USAGE = YES_ERROR;
				CLANG_WARN_EMPTY_BODY = YES;
				CLANG_WARN_ENUM_CONVERSION = YES;
				CLANG_WARN_INT_CONVERSION = YES;
				CLANG_WARN_OBJC_ROOT_CLASS = YES_ERROR;
				CLANG_WARN_UNREACHABLE_CODE = YES;
				CLANG_WARN__DUPLICATE_METHOD_MATCH = YES;
				"CODE_SIGN_IDENTITY[sdk=iphoneos*]" = "iPhone Developer";
				COPY_PHASE_STRIP = NO;
				DEBUG_INFORMATION_FORMAT = dwarf;
				ENABLE_STRICT_OBJC_MSGSEND = YES;
				ENABLE_TESTABILITY = YES;
				GCC_C_LANGUAGE_STANDARD = gnu99;
				GCC_DYNAMIC_NO_PIC = NO;
				GCC_NO_COMMON_BLOCKS = YES;
				GCC_OPTIMIZATION_LEVEL = 0;
				GCC_PREPROCESSOR_DEFINITIONS = (
					"DEBUG=1",
					"$(inherited)",
				);
				GCC_WARN_64_TO_32_BIT_CONVERSION = YES;
				GCC_WARN_ABOUT_RETURN_TYPE = YES_ERROR;
				GCC_WARN_UNDECLARED_SELECTOR = YES;
				GCC_WARN_UNINITIALIZED_AUTOS = YES_AGGRESSIVE;
				GCC_WARN_UNUSED_FUNCTION = YES;
				GCC_WARN_UNUSED_VARIABLE = YES;
				IPHONEOS_DEPLOYMENT_TARGET = 9.3;
				MTL_ENABLE_DEBUG_INFO = YES;
				ONLY_ACTIVE_ARCH = YES;
				SDKROOT = iphoneos;
				TARGETED_DEVICE_FAMILY = "1,2";
			};
			name = Debug;
		};
		C2E4DD0D1CD136660081F4DC /* Release */ = {
			isa = XCBuildConfiguration;
			buildSettings = {
				ALWAYS_SEARCH_USER_PATHS = NO;
				CLANG_ANALYZER_NONNULL = YES;
				CLANG_CXX_LANGUAGE_STANDARD = "gnu++0x";
				CLANG_CXX_LIBRARY = "libc++";
				CLANG_ENABLE_MODULES = YES;
				CLANG_ENABLE_OBJC_ARC = YES;
				CLANG_WARN_BOOL_CONVERSION = YES;
				CLANG_WARN_CONSTANT_CONVERSION = YES;
				CLANG_WARN_DIRECT_OBJC_ISA_USAGE = YES_ERROR;
				CLANG_WARN_EMPTY_BODY = YES;
				CLANG_WARN_ENUM_CONVERSION = YES;
				CLANG_WARN_INT_CONVERSION = YES;
				CLANG_WARN_OBJC_ROOT_CLASS = YES_ERROR;
				CLANG_WARN_UNREACHABLE_CODE = YES;
				CLANG_WARN__DUPLICATE_METHOD_MATCH = YES;
				"CODE_SIGN_IDENTITY[sdk=iphoneos*]" = "iPhone Developer";
				COPY_PHASE_STRIP = NO;
				DEBUG_INFORMATION_FORMAT = "dwarf-with-dsym";
				ENABLE_NS_ASSERTIONS = NO;
				ENABLE_STRICT_OBJC_MSGSEND = YES;
				GCC_C_LANGUAGE_STANDARD = gnu99;
				GCC_NO_COMMON_BLOCKS = YES;
				GCC_WARN_64_TO_32_BIT_CONVERSION = YES;
				GCC_WARN_ABOUT_RETURN_TYPE = YES_ERROR;
				GCC_WARN_UNDECLARED_SELECTOR = YES;
				GCC_WARN_UNINITIALIZED_AUTOS = YES_AGGRESSIVE;
				GCC_WARN_UNUSED_FUNCTION = YES;
				GCC_WARN_UNUSED_VARIABLE = YES;
				IPHONEOS_DEPLOYMENT_TARGET = 9.3;
				MTL_ENABLE_DEBUG_INFO = NO;
				SDKROOT = iphoneos;
				TARGETED_DEVICE_FAMILY = "1,2";
				VALIDATE_PRODUCT = YES;
			};
			name = Release;
		};
		C2E4DD0F1CD136660081F4DC /* Debug */ = {
			isa = XCBuildConfiguration;
			buildSettings = {
				ASSETCATALOG_COMPILER_APPICON_NAME = AppIcon;
				INFOPLIST_FILE = Tapper/Info.plist;
				LD_RUNPATH_SEARCH_PATHS = "$(inherited) @executable_path/Frameworks";
				PRODUCT_BUNDLE_IDENTIFIER = io.davidperkins.Tapper;
				PRODUCT_NAME = "$(TARGET_NAME)";
			};
			name = Debug;
		};
		C2E4DD101CD136660081F4DC /* Release */ = {
			isa = XCBuildConfiguration;
			buildSettings = {
				ASSETCATALOG_COMPILER_APPICON_NAME = AppIcon;
				INFOPLIST_FILE = Tapper/Info.plist;
				LD_RUNPATH_SEARCH_PATHS = "$(inherited) @executable_path/Frameworks";
				PRODUCT_BUNDLE_IDENTIFIER = io.davidperkins.Tapper;
				PRODUCT_NAME = "$(TARGET_NAME)";
			};
			name = Release;
		};
		C2E4DD121CD136660081F4DC /* Debug */ = {
			isa = XCBuildConfiguration;
			buildSettings = {
				BUNDLE_LOADER = "$(TEST_HOST)";
				INFOPLIST_FILE = TapperTests/Info.plist;
				LD_RUNPATH_SEARCH_PATHS = "$(inherited) @executable_path/Frameworks @loader_path/Frameworks";
				PRODUCT_BUNDLE_IDENTIFIER = io.davidperkins.TapperTests;
				PRODUCT_NAME = "$(TARGET_NAME)";
				TEST_HOST = "$(BUILT_PRODUCTS_DIR)/Tapper.app/Tapper";
			};
			name = Debug;
		};
		C2E4DD131CD136660081F4DC /* Release */ = {
			isa = XCBuildConfiguration;
			buildSettings = {
				BUNDLE_LOADER = "$(TEST_HOST)";
				INFOPLIST_FILE = TapperTests/Info.plist;
				LD_RUNPATH_SEARCH_PATHS = "$(inherited) @executable_path/Frameworks @loader_path/Frameworks";
				PRODUCT_BUNDLE_IDENTIFIER = io.davidperkins.TapperTests;
				PRODUCT_NAME = "$(TARGET_NAME)";
				TEST_HOST = "$(BUILT_PRODUCTS_DIR)/Tapper.app/Tapper";
			};
			name = Release;
		};
		C2E4DD151CD136660081F4DC /* Debug */ = {
			isa = XCBuildConfiguration;
			buildSettings = {
				INFOPLIST_FILE = TapperUITests/Info.plist;
				LD_RUNPATH_SEARCH_PATHS = "$(inherited) @executable_path/Frameworks @loader_path/Frameworks";
				PRODUCT_BUNDLE_IDENTIFIER = io.davidperkins.TapperUITests;
				PRODUCT_NAME = "$(TARGET_NAME)";
				TEST_TARGET_NAME = Tapper;
			};
			name = Debug;
		};
		C2E4DD161CD136660081F4DC /* Release */ = {
			isa = XCBuildConfiguration;
			buildSettings = {
				INFOPLIST_FILE = TapperUITests/Info.plist;
				LD_RUNPATH_SEARCH_PATHS = "$(inherited) @executable_path/Frameworks @loader_path/Frameworks";
				PRODUCT_BUNDLE_IDENTIFIER = io.davidperkins.TapperUITests;
				PRODUCT_NAME = "$(TARGET_NAME)";
				TEST_TARGET_NAME = Tapper;
			};
			name = Release;
		};
/* End XCBuildConfiguration section */

/* Begin XCConfigurationList section */
		C2E4DCDC1CD136660081F4DC /* Build configuration list for PBXProject "Tapper" */ = {
			isa = XCConfigurationList;
			buildConfigurations = (
				C2E4DD0C1CD136660081F4DC /* Debug */,
				C2E4DD0D1CD136660081F4DC /* Release */,
			);
			defaultConfigurationIsVisible = 0;
			defaultConfigurationName = Release;
		};
		C2E4DD0E1CD136660081F4DC /* Build configuration list for PBXNativeTarget "Tapper" */ = {
			isa = XCConfigurationList;
			buildConfigurations = (
				C2E4DD0F1CD136660081F4DC /* Debug */,
				C2E4DD101CD136660081F4DC /* Release */,
			);
			defaultConfigurationIsVisible = 0;
		};
		C2E4DD111CD136660081F4DC /* Build configuration list for PBXNativeTarget "TapperTests" */ = {
			isa = XCConfigurationList;
			buildConfigurations = (
				C2E4DD121CD136660081F4DC /* Debug */,
				C2E4DD131CD136660081F4DC /* Release */,
			);
			defaultConfigurationIsVisible = 0;
		};
		C2E4DD141CD136660081F4DC /* Build configuration list for PBXNativeTarget "TapperUITests" */ = {
			isa = XCConfigurationList;
			buildConfigurations = (
				C2E4DD151CD136660081F4DC /* Debug */,
				C2E4DD161CD136660081F4DC /* Release */,
			);
			defaultConfigurationIsVisible = 0;
		};
/* End XCConfigurationList section */
	};
	rootObject = C2E4DCD91CD136660081F4DC /* Project object */;
}
